
Microsoft Visual Studio Solution File, Format Version 12.00
# Visual Studio Version 17
VisualStudioVersion = 17.11.35222.181
MinimumVisualStudioVersion = 10.0.40219.1
Project("{FAE04EC0-301F-11D3-BF4B-00C04F79EFBC}") = "collectionsWork", "collectionsWork\collectionsWork.csproj", "{760012BB-1B5E-458F-9A23-1CDBAE6AC404}"
EndProject
Global
	GlobalSection(SolutionConfigurationPlatforms) = preSolution
		Debug|Any CPU = Debug|Any CPU
		Release|Any CPU = Release|Any CPU
	EndGlobalSection
	GlobalSection(ProjectConfigurationPlatforms) = postSolution
		{760012BB-1B5E-458F-9A23-1CDBAE6AC404}.Debug|Any CPU.ActiveCfg = Debug|Any CPU
		{760012BB-1B5E-458F-9A23-1CDBAE6AC404}.Debug|Any CPU.Build.0 = Debug|Any CPU
		{760012BB-1B5E-458F-9A23-1CDBAE6AC404}.Release|Any CPU.ActiveCfg = Release|Any CPU
		{760012BB-1B5E-458F-9A23-1CDBAE6AC404}.Release|Any CPU.Build.0 = Release|Any CPU
	EndGlobalSection
	GlobalSection(SolutionProperties) = preSolution
		HideSolutionNode = FALSE
	EndGlobalSection
	GlobalSection(ExtensibilityGlobals) = postSolution
		SolutionGuid = {10D3A391-991F-45D6-94F9-6CA0D2062D4E}
	EndGlobalSection
EndGlobal
